
Microsoft Visual Studio Solution File, Format Version 12.00
# Visual Studio Version 17
VisualStudioVersion = 17.8.34309.116
MinimumVisualStudioVersion = 10.0.40219.1
Project("{5781DAA8-1C64-476B-ADB8-AAEC2791E032}") = "FreeLLM", "FreeLLM\FreeLLM.csproj", "{43FE9B1F-DEA7-43AB-8FA5-E565F0DFC643}"
EndProject
Project("{5781DAA8-1C64-476B-ADB8-AAEC2791E032}") = "FreeLLM.Client", "FreeLLM.Client\FreeLLM.Client.csproj", "{2D50C978-7063-4440-944F-F58BC5784816}"
EndProject
Project("{5781DAA8-1C64-476B-ADB8-AAEC2791E032}") = "FreeLLM.DataAccess", "FreeLLM.DataAccess\FreeLLM.DataAccess.csproj", "{09801760-6D65-445D-A091-68C1668C582B}"
EndProject
Project("{5781DAA8-1C64-476B-ADB8-AAEC2791E032}") = "FreeLLM.DataObjects", "FreeLLM.DataObjects\FreeLLM.DataObjects.csproj", "{9CA1E577-7D7F-43B7-80BF-C2FDE5B0F118}"
EndProject
Project("{5781DAA8-1C64-476B-ADB8-AAEC2791E032}") = "FreeLLM.EFModels", "FreeLLM.EFModels\FreeLLM.EFModels.csproj", "{A8E1C292-BE05-4C5D-9594-B34816729047}"
EndProject
Project("{2150E333-8FDC-42A3-9474-1A3956D46DE8}") = "Solution Items", "Solution Items", "{D88B250A-0B69-4B82-A537-DCB93202B849}"
	ProjectSection(SolutionItems) = preProject
		.editorconfig = .editorconfig
		.gitignore = .gitignore
		LICENSE = LICENSE
		README.md = README.md
		Remove Modules from FreeFreeLLM.exe = Remove Modules from FreeFreeLLM.exe
		Rename FreeFreeLLM.exe = Rename FreeFreeLLM.exe
	EndProjectSection
EndProject
Project("{5781DAA8-1C64-476B-ADB8-AAEC2791E032}") = "FreeLLM.Plugins", "FreeLLM.Plugins\FreeLLM.Plugins.csproj", "{140E5781-D892-440C-AA1A-8F444E15BDD9}"
EndProject
Global
	GlobalSection(SolutionConfigurationPlatforms) = preSolution
		Debug|Any CPU = Debug|Any CPU
		Release|Any CPU = Release|Any CPU
	EndGlobalSection
	GlobalSection(ProjectConfigurationPlatforms) = postSolution
		{43FE9B1F-DEA7-43AB-8FA5-E565F0DFC643}.Debug|Any CPU.ActiveCfg = Debug|Any CPU
		{43FE9B1F-DEA7-43AB-8FA5-E565F0DFC643}.Debug|Any CPU.Build.0 = Debug|Any CPU
		{43FE9B1F-DEA7-43AB-8FA5-E565F0DFC643}.Release|Any CPU.ActiveCfg = Release|Any CPU
		{43FE9B1F-DEA7-43AB-8FA5-E565F0DFC643}.Release|Any CPU.Build.0 = Release|Any CPU
		{2D50C978-7063-4440-944F-F58BC5784816}.Debug|Any CPU.ActiveCfg = Debug|Any CPU
		{2D50C978-7063-4440-944F-F58BC5784816}.Debug|Any CPU.Build.0 = Debug|Any CPU
		{2D50C978-7063-4440-944F-F58BC5784816}.Release|Any CPU.ActiveCfg = Release|Any CPU
		{2D50C978-7063-4440-944F-F58BC5784816}.Release|Any CPU.Build.0 = Release|Any CPU
		{09801760-6D65-445D-A091-68C1668C582B}.Debug|Any CPU.ActiveCfg = Debug|Any CPU
		{09801760-6D65-445D-A091-68C1668C582B}.Debug|Any CPU.Build.0 = Debug|Any CPU
		{09801760-6D65-445D-A091-68C1668C582B}.Release|Any CPU.ActiveCfg = Release|Any CPU
		{09801760-6D65-445D-A091-68C1668C582B}.Release|Any CPU.Build.0 = Release|Any CPU
		{9CA1E577-7D7F-43B7-80BF-C2FDE5B0F118}.Debug|Any CPU.ActiveCfg = Debug|Any CPU
		{9CA1E577-7D7F-43B7-80BF-C2FDE5B0F118}.Debug|Any CPU.Build.0 = Debug|Any CPU
		{9CA1E577-7D7F-43B7-80BF-C2FDE5B0F118}.Release|Any CPU.ActiveCfg = Release|Any CPU
		{9CA1E577-7D7F-43B7-80BF-C2FDE5B0F118}.Release|Any CPU.Build.0 = Release|Any CPU
		{A8E1C292-BE05-4C5D-9594-B34816729047}.Debug|Any CPU.ActiveCfg = Debug|Any CPU
		{A8E1C292-BE05-4C5D-9594-B34816729047}.Debug|Any CPU.Build.0 = Debug|Any CPU
		{A8E1C292-BE05-4C5D-9594-B34816729047}.Release|Any CPU.ActiveCfg = Release|Any CPU
		{A8E1C292-BE05-4C5D-9594-B34816729047}.Release|Any CPU.Build.0 = Release|Any CPU
		{140E5781-D892-440C-AA1A-8F444E15BDD9}.Debug|Any CPU.ActiveCfg = Debug|Any CPU
		{140E5781-D892-440C-AA1A-8F444E15BDD9}.Debug|Any CPU.Build.0 = Debug|Any CPU
		{140E5781-D892-440C-AA1A-8F444E15BDD9}.Release|Any CPU.ActiveCfg = Release|Any CPU
		{140E5781-D892-440C-AA1A-8F444E15BDD9}.Release|Any CPU.Build.0 = Release|Any CPU
	EndGlobalSection
	GlobalSection(SolutionProperties) = preSolution
		HideSolutionNode = FALSE
	EndGlobalSection
	GlobalSection(ExtensibilityGlobals) = postSolution
		SolutionGuid = {C4A59AD0-92A7-475D-A3BC-51E982A9C0FA}
	EndGlobalSection
EndGlobal
