
Microsoft Visual Studio Solution File, Format Version 12.00
# Visual Studio Version 17
VisualStudioVersion = 17.8.34309.116
MinimumVisualStudioVersion = 10.0.40219.1
Project("{23D9C23B-AC0A-4B5A-9B78-8BE020B01DA8}") = "FreeLLM", "FreeLLM\FreeLLM.csproj", "{38ADA401-7E19-46D8-8FF1-DF67B926CE73}"
EndProject
Project("{23D9C23B-AC0A-4B5A-9B78-8BE020B01DA8}") = "FreeLLM.Client", "FreeLLM.Client\FreeLLM.Client.csproj", "{1DACCCB7-61AA-4509-BD44-70C27FFD7098}"
EndProject
Project("{23D9C23B-AC0A-4B5A-9B78-8BE020B01DA8}") = "FreeLLM.DataAccess", "FreeLLM.DataAccess\FreeLLM.DataAccess.csproj", "{EF15E737-0578-43A3-9B79-88715F831D28}"
EndProject
Project("{23D9C23B-AC0A-4B5A-9B78-8BE020B01DA8}") = "FreeLLM.DataObjects", "FreeLLM.DataObjects\FreeLLM.DataObjects.csproj", "{B0CBA4AF-1B2C-4D12-9764-924481DFA26B}"
EndProject
Project("{23D9C23B-AC0A-4B5A-9B78-8BE020B01DA8}") = "FreeLLM.EFModels", "FreeLLM.EFModels\FreeLLM.EFModels.csproj", "{C90E942F-C0C4-41C8-A222-52E9D55938FF}"
EndProject
Project("{2150E333-8FDC-42A3-9474-1A3956D46DE8}") = "Solution Items", "Solution Items", "{33899862-7ACF-4BFE-A052-E9A401A77996}"
	ProjectSection(SolutionItems) = preProject
		.editorconfig = .editorconfig
		.gitignore = .gitignore
		LICENSE = LICENSE
		README.md = README.md
		Remove Modules from FreeFreeLLM.exe = Remove Modules from FreeFreeLLM.exe
		Rename FreeFreeLLM.exe = Rename FreeFreeLLM.exe
	EndProjectSection
EndProject
Project("{23D9C23B-AC0A-4B5A-9B78-8BE020B01DA8}") = "FreeLLM.Plugins", "FreeLLM.Plugins\FreeLLM.Plugins.csproj", "{E1290555-96E7-45A7-B6E7-EEDB7C8BC1AC}"
EndProject
Global
	GlobalSection(SolutionConfigurationPlatforms) = preSolution
		Debug|Any CPU = Debug|Any CPU
		Release|Any CPU = Release|Any CPU
	EndGlobalSection
	GlobalSection(ProjectConfigurationPlatforms) = postSolution
		{38ADA401-7E19-46D8-8FF1-DF67B926CE73}.Debug|Any CPU.ActiveCfg = Debug|Any CPU
		{38ADA401-7E19-46D8-8FF1-DF67B926CE73}.Debug|Any CPU.Build.0 = Debug|Any CPU
		{38ADA401-7E19-46D8-8FF1-DF67B926CE73}.Release|Any CPU.ActiveCfg = Release|Any CPU
		{38ADA401-7E19-46D8-8FF1-DF67B926CE73}.Release|Any CPU.Build.0 = Release|Any CPU
		{1DACCCB7-61AA-4509-BD44-70C27FFD7098}.Debug|Any CPU.ActiveCfg = Debug|Any CPU
		{1DACCCB7-61AA-4509-BD44-70C27FFD7098}.Debug|Any CPU.Build.0 = Debug|Any CPU
		{1DACCCB7-61AA-4509-BD44-70C27FFD7098}.Release|Any CPU.ActiveCfg = Release|Any CPU
		{1DACCCB7-61AA-4509-BD44-70C27FFD7098}.Release|Any CPU.Build.0 = Release|Any CPU
		{EF15E737-0578-43A3-9B79-88715F831D28}.Debug|Any CPU.ActiveCfg = Debug|Any CPU
		{EF15E737-0578-43A3-9B79-88715F831D28}.Debug|Any CPU.Build.0 = Debug|Any CPU
		{EF15E737-0578-43A3-9B79-88715F831D28}.Release|Any CPU.ActiveCfg = Release|Any CPU
		{EF15E737-0578-43A3-9B79-88715F831D28}.Release|Any CPU.Build.0 = Release|Any CPU
		{B0CBA4AF-1B2C-4D12-9764-924481DFA26B}.Debug|Any CPU.ActiveCfg = Debug|Any CPU
		{B0CBA4AF-1B2C-4D12-9764-924481DFA26B}.Debug|Any CPU.Build.0 = Debug|Any CPU
		{B0CBA4AF-1B2C-4D12-9764-924481DFA26B}.Release|Any CPU.ActiveCfg = Release|Any CPU
		{B0CBA4AF-1B2C-4D12-9764-924481DFA26B}.Release|Any CPU.Build.0 = Release|Any CPU
		{C90E942F-C0C4-41C8-A222-52E9D55938FF}.Debug|Any CPU.ActiveCfg = Debug|Any CPU
		{C90E942F-C0C4-41C8-A222-52E9D55938FF}.Debug|Any CPU.Build.0 = Debug|Any CPU
		{C90E942F-C0C4-41C8-A222-52E9D55938FF}.Release|Any CPU.ActiveCfg = Release|Any CPU
		{C90E942F-C0C4-41C8-A222-52E9D55938FF}.Release|Any CPU.Build.0 = Release|Any CPU
		{E1290555-96E7-45A7-B6E7-EEDB7C8BC1AC}.Debug|Any CPU.ActiveCfg = Debug|Any CPU
		{E1290555-96E7-45A7-B6E7-EEDB7C8BC1AC}.Debug|Any CPU.Build.0 = Debug|Any CPU
		{E1290555-96E7-45A7-B6E7-EEDB7C8BC1AC}.Release|Any CPU.ActiveCfg = Release|Any CPU
		{E1290555-96E7-45A7-B6E7-EEDB7C8BC1AC}.Release|Any CPU.Build.0 = Release|Any CPU
	EndGlobalSection
	GlobalSection(SolutionProperties) = preSolution
		HideSolutionNode = FALSE
	EndGlobalSection
	GlobalSection(ExtensibilityGlobals) = postSolution
		SolutionGuid = {C4A59AD0-92A7-475D-A3BC-51E982A9C0FA}
	EndGlobalSection
EndGlobal
