
Microsoft Visual Studio Solution File, Format Version 12.00
# Visual Studio Version 17
VisualStudioVersion = 17.8.34309.116
MinimumVisualStudioVersion = 10.0.40219.1
Project("{C4AD6B47-A8EA-4639-947B-9FAFD758F975}") = "FreeLLM", "FreeLLM\FreeLLM.csproj", "{4D25ECC8-0BD6-4CC1-B974-FF221DF77A4A}"
EndProject
Project("{C4AD6B47-A8EA-4639-947B-9FAFD758F975}") = "FreeLLM.Client", "FreeLLM.Client\FreeLLM.Client.csproj", "{71095218-4D91-441A-9BCB-123550E9C363}"
EndProject
Project("{C4AD6B47-A8EA-4639-947B-9FAFD758F975}") = "FreeLLM.DataAccess", "FreeLLM.DataAccess\FreeLLM.DataAccess.csproj", "{991941F1-811C-497A-9C91-F79447EFFF14}"
EndProject
Project("{C4AD6B47-A8EA-4639-947B-9FAFD758F975}") = "FreeLLM.DataObjects", "FreeLLM.DataObjects\FreeLLM.DataObjects.csproj", "{13BA1248-A176-4BAA-A1D0-02D08704FFA8}"
EndProject
Project("{C4AD6B47-A8EA-4639-947B-9FAFD758F975}") = "FreeLLM.EFModels", "FreeLLM.EFModels\FreeLLM.EFModels.csproj", "{67C4ABA1-789F-430A-9FCA-F98DD9FCB6F8}"
EndProject
Project("{2150E333-8FDC-42A3-9474-1A3956D46DE8}") = "Solution Items", "Solution Items", "{FE41E0A8-4230-4A67-9FA1-A33F5A2457CB}"
	ProjectSection(SolutionItems) = preProject
		.editorconfig = .editorconfig
		.gitignore = .gitignore
		LICENSE = LICENSE
		README.md = README.md
		Remove Modules from FreeFreeLLM.exe = Remove Modules from FreeFreeLLM.exe
		Rename FreeFreeLLM.exe = Rename FreeFreeLLM.exe
	EndProjectSection
EndProject
Project("{C4AD6B47-A8EA-4639-947B-9FAFD758F975}") = "FreeLLM.Plugins", "FreeLLM.Plugins\FreeLLM.Plugins.csproj", "{C9BCB844-0E53-4AAD-BD2E-F4CCBA9E132D}"
EndProject
Global
	GlobalSection(SolutionConfigurationPlatforms) = preSolution
		Debug|Any CPU = Debug|Any CPU
		Release|Any CPU = Release|Any CPU
	EndGlobalSection
	GlobalSection(ProjectConfigurationPlatforms) = postSolution
		{4D25ECC8-0BD6-4CC1-B974-FF221DF77A4A}.Debug|Any CPU.ActiveCfg = Debug|Any CPU
		{4D25ECC8-0BD6-4CC1-B974-FF221DF77A4A}.Debug|Any CPU.Build.0 = Debug|Any CPU
		{4D25ECC8-0BD6-4CC1-B974-FF221DF77A4A}.Release|Any CPU.ActiveCfg = Release|Any CPU
		{4D25ECC8-0BD6-4CC1-B974-FF221DF77A4A}.Release|Any CPU.Build.0 = Release|Any CPU
		{71095218-4D91-441A-9BCB-123550E9C363}.Debug|Any CPU.ActiveCfg = Debug|Any CPU
		{71095218-4D91-441A-9BCB-123550E9C363}.Debug|Any CPU.Build.0 = Debug|Any CPU
		{71095218-4D91-441A-9BCB-123550E9C363}.Release|Any CPU.ActiveCfg = Release|Any CPU
		{71095218-4D91-441A-9BCB-123550E9C363}.Release|Any CPU.Build.0 = Release|Any CPU
		{991941F1-811C-497A-9C91-F79447EFFF14}.Debug|Any CPU.ActiveCfg = Debug|Any CPU
		{991941F1-811C-497A-9C91-F79447EFFF14}.Debug|Any CPU.Build.0 = Debug|Any CPU
		{991941F1-811C-497A-9C91-F79447EFFF14}.Release|Any CPU.ActiveCfg = Release|Any CPU
		{991941F1-811C-497A-9C91-F79447EFFF14}.Release|Any CPU.Build.0 = Release|Any CPU
		{13BA1248-A176-4BAA-A1D0-02D08704FFA8}.Debug|Any CPU.ActiveCfg = Debug|Any CPU
		{13BA1248-A176-4BAA-A1D0-02D08704FFA8}.Debug|Any CPU.Build.0 = Debug|Any CPU
		{13BA1248-A176-4BAA-A1D0-02D08704FFA8}.Release|Any CPU.ActiveCfg = Release|Any CPU
		{13BA1248-A176-4BAA-A1D0-02D08704FFA8}.Release|Any CPU.Build.0 = Release|Any CPU
		{67C4ABA1-789F-430A-9FCA-F98DD9FCB6F8}.Debug|Any CPU.ActiveCfg = Debug|Any CPU
		{67C4ABA1-789F-430A-9FCA-F98DD9FCB6F8}.Debug|Any CPU.Build.0 = Debug|Any CPU
		{67C4ABA1-789F-430A-9FCA-F98DD9FCB6F8}.Release|Any CPU.ActiveCfg = Release|Any CPU
		{67C4ABA1-789F-430A-9FCA-F98DD9FCB6F8}.Release|Any CPU.Build.0 = Release|Any CPU
		{C9BCB844-0E53-4AAD-BD2E-F4CCBA9E132D}.Debug|Any CPU.ActiveCfg = Debug|Any CPU
		{C9BCB844-0E53-4AAD-BD2E-F4CCBA9E132D}.Debug|Any CPU.Build.0 = Debug|Any CPU
		{C9BCB844-0E53-4AAD-BD2E-F4CCBA9E132D}.Release|Any CPU.ActiveCfg = Release|Any CPU
		{C9BCB844-0E53-4AAD-BD2E-F4CCBA9E132D}.Release|Any CPU.Build.0 = Release|Any CPU
	EndGlobalSection
	GlobalSection(SolutionProperties) = preSolution
		HideSolutionNode = FALSE
	EndGlobalSection
	GlobalSection(ExtensibilityGlobals) = postSolution
		SolutionGuid = {C4A59AD0-92A7-475D-A3BC-51E982A9C0FA}
	EndGlobalSection
EndGlobal
